
Microsoft Visual Studio Solution File, Format Version 12.00
# Visual Studio Version 16
VisualStudioVersion = 16.0.31729.503
MinimumVisualStudioVersion = 10.0.40219.1
Project("{FAE04EC0-301F-11D3-BF4B-00C04F79EFBC}") = "KwailtyIntegrationModule", "KwailtyIntegrationModule\KwailtyIntegrationModule.csproj", "{B0BD4A71-455D-44DF-BBF9-5FD0F997EFAF}"
EndProject
Global
	GlobalSection(SolutionConfigurationPlatforms) = preSolution
		Debug|Any CPU = Debug|Any CPU
		Release|Any CPU = Release|Any CPU
	EndGlobalSection
	GlobalSection(ProjectConfigurationPlatforms) = postSolution
		{B0BD4A71-455D-44DF-BBF9-5FD0F997EFAF}.Debug|Any CPU.ActiveCfg = Debug|Any CPU
		{B0BD4A71-455D-44DF-BBF9-5FD0F997EFAF}.Debug|Any CPU.Build.0 = Debug|Any CPU
		{B0BD4A71-455D-44DF-BBF9-5FD0F997EFAF}.Release|Any CPU.ActiveCfg = Release|Any CPU
		{B0BD4A71-455D-44DF-BBF9-5FD0F997EFAF}.Release|Any CPU.Build.0 = Release|Any CPU
	EndGlobalSection
	GlobalSection(SolutionProperties) = preSolution
		HideSolutionNode = FALSE
	EndGlobalSection
	GlobalSection(ExtensibilityGlobals) = postSolution
		SolutionGuid = {CDC99E22-AE06-4444-AC32-E0793D83099B}
	EndGlobalSection
EndGlobal
